
Microsoft Visual Studio Solution File, Format Version 12.00
# Visual Studio Version 17
VisualStudioVersion = 17.6.33815.320
MinimumVisualStudioVersion = 10.0.40219.1
Project("{FAE04EC0-301F-11D3-BF4B-00C04F79EFBC}") = "Calculadora", "Calculadora\Calculadora.csproj", "{D3B9B99F-EFFA-4B15-8635-FE39F14E4F23}"
EndProject
Global
	GlobalSection(SolutionConfigurationPlatforms) = preSolution
		Debug|Any CPU = Debug|Any CPU
		Release|Any CPU = Release|Any CPU
	EndGlobalSection
	GlobalSection(ProjectConfigurationPlatforms) = postSolution
		{D3B9B99F-EFFA-4B15-8635-FE39F14E4F23}.Debug|Any CPU.ActiveCfg = Debug|Any CPU
		{D3B9B99F-EFFA-4B15-8635-FE39F14E4F23}.Debug|Any CPU.Build.0 = Debug|Any CPU
		{D3B9B99F-EFFA-4B15-8635-FE39F14E4F23}.Release|Any CPU.ActiveCfg = Release|Any CPU
		{D3B9B99F-EFFA-4B15-8635-FE39F14E4F23}.Release|Any CPU.Build.0 = Release|Any CPU
	EndGlobalSection
	GlobalSection(SolutionProperties) = preSolution
		HideSolutionNode = FALSE
	EndGlobalSection
	GlobalSection(ExtensibilityGlobals) = postSolution
		SolutionGuid = {736C5D54-5563-4F5F-9404-C12C96253652}
	EndGlobalSection
EndGlobal
